
Microsoft Visual Studio Solution File, Format Version 12.00
# Visual Studio Version 17
VisualStudioVersion = 17.6.33417.168
MinimumVisualStudioVersion = 10.0.40219.1
Project("{FAE04EC0-301F-11D3-BF4B-00C04F79EFBC}") = "WebApplicationFactory_ISystemClock", "WebApplicationFactory_ISystemClock\WebApplicationFactory_ISystemClock.csproj", "{3074E729-E4FD-4D21-B12B-3D085123E437}"
EndProject
Global
	GlobalSection(SolutionConfigurationPlatforms) = preSolution
		Debug|Any CPU = Debug|Any CPU
		Release|Any CPU = Release|Any CPU
	EndGlobalSection
	GlobalSection(ProjectConfigurationPlatforms) = postSolution
		{3074E729-E4FD-4D21-B12B-3D085123E437}.Debug|Any CPU.ActiveCfg = Debug|Any CPU
		{3074E729-E4FD-4D21-B12B-3D085123E437}.Debug|Any CPU.Build.0 = Debug|Any CPU
		{3074E729-E4FD-4D21-B12B-3D085123E437}.Release|Any CPU.ActiveCfg = Release|Any CPU
		{3074E729-E4FD-4D21-B12B-3D085123E437}.Release|Any CPU.Build.0 = Release|Any CPU
	EndGlobalSection
	GlobalSection(SolutionProperties) = preSolution
		HideSolutionNode = FALSE
	EndGlobalSection
	GlobalSection(ExtensibilityGlobals) = postSolution
		SolutionGuid = {DF8E9DC8-F5AD-4C5E-BD3C-D2ECB85F3EEA}
	EndGlobalSection
EndGlobal
